
Microsoft Visual Studio Solution File, Format Version 12.00
# Visual Studio 14
VisualStudioVersion = 14.0.23107.0
MinimumVisualStudioVersion = 10.0.40219.1
Project("{FAE04EC0-301F-11D3-BF4B-00C04F79EFBC}") = "Malbec", "Malbec\Malbec.csproj", "{C847D74F-4D5E-4548-AFC4-E184CB2B7015}"
EndProject
Project("{FAE04EC0-301F-11D3-BF4B-00C04F79EFBC}") = "Example.HelloWorld", "Example.HelloWorld\Example.HelloWorld.csproj", "{2E817D28-19DB-4EEE-B22D-5AE47BF3AFDD}"
EndProject
Project("{FAE04EC0-301F-11D3-BF4B-00C04F79EFBC}") = "Example.TimeSeries", "Example.TimeSeries\Example.TimeSeries.csproj", "{869506EF-0029-4F75-9FC0-260DA49347B9}"
EndProject
Project("{FAE04EC0-301F-11D3-BF4B-00C04F79EFBC}") = "Test.Malbec", "Test.Malbec\Test.Malbec.csproj", "{F722B769-1AA3-4F4C-8D4A-C62FD917AEC1}"
EndProject
Global
	GlobalSection(SolutionConfigurationPlatforms) = preSolution
		Debug|Any CPU = Debug|Any CPU
		Release|Any CPU = Release|Any CPU
	EndGlobalSection
	GlobalSection(ProjectConfigurationPlatforms) = postSolution
		{C847D74F-4D5E-4548-AFC4-E184CB2B7015}.Debug|Any CPU.ActiveCfg = Debug|Any CPU
		{C847D74F-4D5E-4548-AFC4-E184CB2B7015}.Debug|Any CPU.Build.0 = Debug|Any CPU
		{C847D74F-4D5E-4548-AFC4-E184CB2B7015}.Release|Any CPU.ActiveCfg = Release|Any CPU
		{C847D74F-4D5E-4548-AFC4-E184CB2B7015}.Release|Any CPU.Build.0 = Release|Any CPU
		{2E817D28-19DB-4EEE-B22D-5AE47BF3AFDD}.Debug|Any CPU.ActiveCfg = Debug|Any CPU
		{2E817D28-19DB-4EEE-B22D-5AE47BF3AFDD}.Debug|Any CPU.Build.0 = Debug|Any CPU
		{2E817D28-19DB-4EEE-B22D-5AE47BF3AFDD}.Release|Any CPU.ActiveCfg = Release|Any CPU
		{2E817D28-19DB-4EEE-B22D-5AE47BF3AFDD}.Release|Any CPU.Build.0 = Release|Any CPU
		{869506EF-0029-4F75-9FC0-260DA49347B9}.Debug|Any CPU.ActiveCfg = Debug|Any CPU
		{869506EF-0029-4F75-9FC0-260DA49347B9}.Debug|Any CPU.Build.0 = Debug|Any CPU
		{869506EF-0029-4F75-9FC0-260DA49347B9}.Release|Any CPU.ActiveCfg = Release|Any CPU
		{869506EF-0029-4F75-9FC0-260DA49347B9}.Release|Any CPU.Build.0 = Release|Any CPU
		{F722B769-1AA3-4F4C-8D4A-C62FD917AEC1}.Debug|Any CPU.ActiveCfg = Debug|Any CPU
		{F722B769-1AA3-4F4C-8D4A-C62FD917AEC1}.Debug|Any CPU.Build.0 = Debug|Any CPU
		{F722B769-1AA3-4F4C-8D4A-C62FD917AEC1}.Release|Any CPU.ActiveCfg = Release|Any CPU
		{F722B769-1AA3-4F4C-8D4A-C62FD917AEC1}.Release|Any CPU.Build.0 = Release|Any CPU
	EndGlobalSection
	GlobalSection(SolutionProperties) = preSolution
		HideSolutionNode = FALSE
	EndGlobalSection
EndGlobal
